<?xml version="1.0" encoding="utf-8"?>
<Project ToolsVersion="4.0" xmlns="http://schemas.microsoft.com/developer/msbuild/2003">
  <ItemGroup>
    <Filter Include="test">
      <UniqueIdentifier>{4120c4de-8ccd-4590-9a96-ae7a2ea502a9}</UniqueIdentifier>
    </Filter>
    <Filter Include="math">
      <UniqueIdentifier>{c2136641-a346-436a-8917-c9e7b9219550}</UniqueIdentifier>
    </Filter>
    <Filter Include="math\wide_decimal">
      <UniqueIdentifier>{2f085500-8a6f-4d5d-bae0-5e3113acdc53}</UniqueIdentifier>
    </Filter>
    <Filter Include="util">
      <UniqueIdentifier>{27ac977c-8b32-482e-8283-0c7e2c4a1e8b}</UniqueIdentifier>
    </Filter>
    <Filter Include="util\utility">
      <UniqueIdentifier>{26f72b73-0fe5-4e2f-90a0-fa3e7c444dc8}</UniqueIdentifier>
    </Filter>
    <Filter Include="util\memory">
      <UniqueIdentifier>{bf5eae75-1bea-4964-a9c9-64c2ca5c62ec}</UniqueIdentifier>
    </Filter>
    <Filter Include="math\constants">
      <UniqueIdentifier>{40faca56-a6d0-4300-8339-fcc6ce62b688}</UniqueIdentifier>
    </Filter>
    <Filter Include=".github">
      <UniqueIdentifier>{3d779015-acbe-4b19-9668-9be66032d54a}</UniqueIdentifier>
    </Filter>
    <Filter Include=".github\workflows">
      <UniqueIdentifier>{be8cd4a8-c394-4fb6-b9a5-6ce6e9fa7cee}</UniqueIdentifier>
    </Filter>
    <Filter Include="_doc">
      <UniqueIdentifier>{bcc0050f-a474-43f0-a86b-08829548d745}</UniqueIdentifier>
    </Filter>
    <Filter Include="examples">
      <UniqueIdentifier>{d66f3eb2-7cb5-455e-8d2b-f1a0bce4e9c4}</UniqueIdentifier>
    </Filter>
    <Filter Include="math\softfloat">
      <UniqueIdentifier>{38edefac-355c-4ba3-b5ef-c810713509b8}</UniqueIdentifier>
    </Filter>
    <Filter Include=".tidy">
      <UniqueIdentifier>{db91f26a-0abe-4bb1-99ce-e891b753ef5b}</UniqueIdentifier>
    </Filter>
    <Filter Include=".tidy\make">
      <UniqueIdentifier>{e060f0e6-5117-43aa-b804-2a62f098c58d}</UniqueIdentifier>
    </Filter>
    <Filter Include=".github\toolchains">
      <UniqueIdentifier>{4ec239b8-1a14-49a9-b283-c08681500bb7}</UniqueIdentifier>
    </Filter>
    <Filter Include=".gcov">
      <UniqueIdentifier>{6a78c586-06c3-4ebd-ad35-9d4723f4c488}</UniqueIdentifier>
    </Filter>
    <Filter Include=".gcov\make">
      <UniqueIdentifier>{eb75e937-eb5b-42b1-85d2-1b644986239e}</UniqueIdentifier>
    </Filter>
  </ItemGroup>
  <ItemGroup>
    <ClCompile Include="test\test.cpp">
      <Filter>test</Filter>
    </ClCompile>
    <ClCompile Include="test\test_soft_double.cpp">
      <Filter>test</Filter>
    </ClCompile>
    <ClCompile Include="examples\example001_roots_sqrt.cpp">
      <Filter>examples</Filter>
    </ClCompile>
    <ClCompile Include="test\test_soft_double_examples.cpp">
      <Filter>test</Filter>
    </ClCompile>
    <ClCompile Include="examples\example004_bessel_recur.cpp">
      <Filter>examples</Filter>
    </ClCompile>
    <ClCompile Include="examples\example007_catalan_series.cpp">
      <Filter>examples</Filter>
    </ClCompile>
    <ClCompile Include="examples\example011_trig_trapezoid_integral.cpp">
      <Filter>examples</Filter>
    </ClCompile>
    <ClCompile Include="examples\example010_hypergeometric_2f1.cpp">
      <Filter>examples</Filter>
    </ClCompile>
    <ClCompile Include="examples\example005_polylog_series.cpp">
      <Filter>examples</Filter>
    </ClCompile>
    <ClCompile Include="examples\example002b_pi_100k.cpp">
      <Filter>examples</Filter>
    </ClCompile>
    <ClCompile Include="test\test_soft_double_spot_values.cpp">
      <Filter>test</Filter>
    </ClCompile>
    <ClCompile Include="test\test_soft_double_edge_cases.cpp">
      <Filter>test</Filter>
    </ClCompile>
    <ClCompile Include="test\coverity.c">
      <Filter>test</Filter>
    </ClCompile>
    <ClCompile Include="examples\example012_exercise_constexpr.cpp">
      <Filter>examples</Filter>
    </ClCompile>
  </ItemGroup>
  <ItemGroup>
    <ClInclude Include="math\wide_decimal\decwide_t.h">
      <Filter>math\wide_decimal</Filter>
    </ClInclude>
    <ClInclude Include="math\wide_decimal\decwide_t_detail_fft.h">
      <Filter>math\wide_decimal</Filter>
    </ClInclude>
    <ClInclude Include="util\utility\util_noncopyable.h">
      <Filter>util\utility</Filter>
    </ClInclude>
    <ClInclude Include="util\utility\util_dynamic_array.h">
      <Filter>util\utility</Filter>
    </ClInclude>
    <ClInclude Include="util\memory\util_n_slot_array_allocator.h">
      <Filter>util\memory</Filter>
    </ClInclude>
    <ClInclude Include="util\utility\util_baselexical_cast.h">
      <Filter>util\utility</Filter>
    </ClInclude>
    <ClInclude Include="math\wide_decimal\decwide_t_detail.h">
      <Filter>math\wide_decimal</Filter>
    </ClInclude>
    <ClInclude Include="math\constants\constants_pi_control_for_decwide_t.h">
      <Filter>math\constants</Filter>
    </ClInclude>
    <ClInclude Include="math\wide_decimal\decwide_t_detail_ops.h">
      <Filter>math\wide_decimal</Filter>
    </ClInclude>
    <ClInclude Include="test\test_soft_double_examples.h">
      <Filter>test</Filter>
    </ClInclude>
    <ClInclude Include="math\softfloat\soft_double_decwide_t_detail_fft_bindings.h">
      <Filter>math\softfloat</Filter>
    </ClInclude>
    <ClInclude Include="math\softfloat\soft_double_examples.h">
      <Filter>math\softfloat</Filter>
    </ClInclude>
    <ClInclude Include="math\softfloat\soft_double.h">
      <Filter>math\softfloat</Filter>
    </ClInclude>
    <ClInclude Include="math\wide_decimal\decwide_t_detail_namespace.h">
      <Filter>math\wide_decimal</Filter>
    </ClInclude>
  </ItemGroup>
  <ItemGroup>
    <None Include=".github\workflows\soft_double.yml">
      <Filter>.github\workflows</Filter>
    </None>
    <None Include="README.md">
      <Filter>_doc</Filter>
    </None>
    <None Include=".clang-tidy" />
    <None Include=".tidy\make\make_tidy_01_generic.gmk">
      <Filter>.tidy\make</Filter>
    </None>
    <None Include=".tidy\make\make_tidy_02_files.gmk">
      <Filter>.tidy\make</Filter>
    </None>
    <None Include=".tidy\make\make_tidy_03_flags.gmk">
      <Filter>.tidy\make</Filter>
    </None>
    <None Include=".github\toolchains\gcc.cmake">
      <Filter>.github\toolchains</Filter>
    </None>
    <None Include="sonar-project.properties" />
    <None Include=".github\workflows\soft_double_sonar.yml">
      <Filter>.github\workflows</Filter>
    </None>
    <None Include=".gcov\make\make_gcov_02_files.gmk">
      <Filter>.gcov\make</Filter>
    </None>
    <None Include=".gcov\make\make_gcov_03_flags.gmk">
      <Filter>.gcov\make</Filter>
    </None>
    <None Include=".gcov\make\make_gcov_01_generic.gmk">
      <Filter>.gcov\make</Filter>
    </None>
    <None Include="codecov.yml" />
    <None Include=".github\workflows\soft_double_codecov.yml">
      <Filter>.github\workflows</Filter>
    </None>
  </ItemGroup>
  <ItemGroup>
    <Text Include="examples\CMakeLists.txt">
      <Filter>examples</Filter>
    </Text>
    <Text Include="test\CMakeLists.txt">
      <Filter>test</Filter>
    </Text>
    <Text Include="CMakeLists.txt" />
    <Text Include="LICENSE_1_0.txt" />
  </ItemGroup>
</Project>